
Microsoft Visual Studio Solution File, Format Version 12.00
# Visual Studio 15
VisualStudioVersion = 15.0.28307.136
MinimumVisualStudioVersion = 10.0.40219.1
Project("{FAE04EC0-301F-11D3-BF4B-00C04F79EFBC}") = "CircularLinkedList", "CircularLinkedList\CircularLinkedList.csproj", "{4A998EEC-6435-4415-B8C3-0D11DD467920}"
EndProject
Project("{FAE04EC0-301F-11D3-BF4B-00C04F79EFBC}") = "CircularLinkedListTest", "CircularLinkedListTest\CircularLinkedListTest.csproj", "{BD45BB6F-760A-4DD0-AAD0-787B39836D10}"
EndProject
Global
	GlobalSection(SolutionConfigurationPlatforms) = preSolution
		Debug|Any CPU = Debug|Any CPU
		Release|Any CPU = Release|Any CPU
	EndGlobalSection
	GlobalSection(ProjectConfigurationPlatforms) = postSolution
		{4A998EEC-6435-4415-B8C3-0D11DD467920}.Debug|Any CPU.ActiveCfg = Debug|Any CPU
		{4A998EEC-6435-4415-B8C3-0D11DD467920}.Debug|Any CPU.Build.0 = Debug|Any CPU
		{4A998EEC-6435-4415-B8C3-0D11DD467920}.Release|Any CPU.ActiveCfg = Release|Any CPU
		{4A998EEC-6435-4415-B8C3-0D11DD467920}.Release|Any CPU.Build.0 = Release|Any CPU
		{BD45BB6F-760A-4DD0-AAD0-787B39836D10}.Debug|Any CPU.ActiveCfg = Debug|Any CPU
		{BD45BB6F-760A-4DD0-AAD0-787B39836D10}.Debug|Any CPU.Build.0 = Debug|Any CPU
		{BD45BB6F-760A-4DD0-AAD0-787B39836D10}.Release|Any CPU.ActiveCfg = Release|Any CPU
		{BD45BB6F-760A-4DD0-AAD0-787B39836D10}.Release|Any CPU.Build.0 = Release|Any CPU
	EndGlobalSection
	GlobalSection(SolutionProperties) = preSolution
		HideSolutionNode = FALSE
	EndGlobalSection
	GlobalSection(ExtensibilityGlobals) = postSolution
		SolutionGuid = {326B75D3-42A5-4463-8013-36B470930C09}
	EndGlobalSection
EndGlobal
