
Microsoft Visual Studio Solution File, Format Version 12.00
# Visual Studio 15
VisualStudioVersion = 15.0.28307.329
MinimumVisualStudioVersion = 10.0.40219.1
Project("{FAE04EC0-301F-11D3-BF4B-00C04F79EFBC}") = "RetailEquity", "RetailEquity\RetailEquity.csproj", "{87D1B6F2-2267-4A5B-835E-666386484A7D}"
EndProject
Project("{FAE04EC0-301F-11D3-BF4B-00C04F79EFBC}") = "RetailEquity.Test", "RetailEquity.Test\RetailEquity.Test.csproj", "{0C1862FF-3C3B-480A-B653-BA43F271DC70}"
EndProject
Global
	GlobalSection(SolutionConfigurationPlatforms) = preSolution
		Debug|Any CPU = Debug|Any CPU
		Release|Any CPU = Release|Any CPU
	EndGlobalSection
	GlobalSection(ProjectConfigurationPlatforms) = postSolution
		{87D1B6F2-2267-4A5B-835E-666386484A7D}.Debug|Any CPU.ActiveCfg = Debug|Any CPU
		{87D1B6F2-2267-4A5B-835E-666386484A7D}.Debug|Any CPU.Build.0 = Debug|Any CPU
		{87D1B6F2-2267-4A5B-835E-666386484A7D}.Release|Any CPU.ActiveCfg = Release|Any CPU
		{87D1B6F2-2267-4A5B-835E-666386484A7D}.Release|Any CPU.Build.0 = Release|Any CPU
		{0C1862FF-3C3B-480A-B653-BA43F271DC70}.Debug|Any CPU.ActiveCfg = Debug|Any CPU
		{0C1862FF-3C3B-480A-B653-BA43F271DC70}.Debug|Any CPU.Build.0 = Debug|Any CPU
		{0C1862FF-3C3B-480A-B653-BA43F271DC70}.Release|Any CPU.ActiveCfg = Release|Any CPU
		{0C1862FF-3C3B-480A-B653-BA43F271DC70}.Release|Any CPU.Build.0 = Release|Any CPU
	EndGlobalSection
	GlobalSection(SolutionProperties) = preSolution
		HideSolutionNode = FALSE
	EndGlobalSection
	GlobalSection(ExtensibilityGlobals) = postSolution
		SolutionGuid = {01C746CB-0BF4-4B6B-A9F0-313DB8D6DEDE}
	EndGlobalSection
EndGlobal
