
Microsoft Visual Studio Solution File, Format Version 12.00
# Visual Studio 15
VisualStudioVersion = 15.0.28307.136
MinimumVisualStudioVersion = 10.0.40219.1
Project("{FAE04EC0-301F-11D3-BF4B-00C04F79EFBC}") = "HashTable", "HashTable\HashTable.csproj", "{FD5ABF52-8DB7-4D08-A203-B6C2FB504758}"
EndProject
Project("{9A19103F-16F7-4668-BE54-9A1E7A4F7556}") = "HashTable.Tests", "HashTable.Tests\HashTable.Tests.csproj", "{11354C72-E947-471F-8816-D0B24AF91E3E}"
EndProject
Global
	GlobalSection(SolutionConfigurationPlatforms) = preSolution
		Debug|Any CPU = Debug|Any CPU
		Release|Any CPU = Release|Any CPU
	EndGlobalSection
	GlobalSection(ProjectConfigurationPlatforms) = postSolution
		{FD5ABF52-8DB7-4D08-A203-B6C2FB504758}.Debug|Any CPU.ActiveCfg = Debug|Any CPU
		{FD5ABF52-8DB7-4D08-A203-B6C2FB504758}.Debug|Any CPU.Build.0 = Debug|Any CPU
		{FD5ABF52-8DB7-4D08-A203-B6C2FB504758}.Release|Any CPU.ActiveCfg = Release|Any CPU
		{FD5ABF52-8DB7-4D08-A203-B6C2FB504758}.Release|Any CPU.Build.0 = Release|Any CPU
		{11354C72-E947-471F-8816-D0B24AF91E3E}.Debug|Any CPU.ActiveCfg = Debug|Any CPU
		{11354C72-E947-471F-8816-D0B24AF91E3E}.Debug|Any CPU.Build.0 = Debug|Any CPU
		{11354C72-E947-471F-8816-D0B24AF91E3E}.Release|Any CPU.ActiveCfg = Release|Any CPU
		{11354C72-E947-471F-8816-D0B24AF91E3E}.Release|Any CPU.Build.0 = Release|Any CPU
	EndGlobalSection
	GlobalSection(SolutionProperties) = preSolution
		HideSolutionNode = FALSE
	EndGlobalSection
	GlobalSection(ExtensibilityGlobals) = postSolution
		SolutionGuid = {19C36A19-1F20-4B88-BBA8-C932DD4ED5FD}
	EndGlobalSection
EndGlobal
