
Microsoft Visual Studio Solution File, Format Version 12.00
# Visual Studio 15
VisualStudioVersion = 15.0.28307.136
MinimumVisualStudioVersion = 10.0.40219.1
Project("{FAE04EC0-301F-11D3-BF4B-00C04F79EFBC}") = "WeakReferenceImplementation", "WeakReferenceImplementation\WeakReferenceImplementation.csproj", "{44E08D6F-F09E-462C-902C-894B40A84835}"
EndProject
Global
	GlobalSection(SolutionConfigurationPlatforms) = preSolution
		Debug|Any CPU = Debug|Any CPU
		Release|Any CPU = Release|Any CPU
	EndGlobalSection
	GlobalSection(ProjectConfigurationPlatforms) = postSolution
		{44E08D6F-F09E-462C-902C-894B40A84835}.Debug|Any CPU.ActiveCfg = Debug|Any CPU
		{44E08D6F-F09E-462C-902C-894B40A84835}.Debug|Any CPU.Build.0 = Debug|Any CPU
		{44E08D6F-F09E-462C-902C-894B40A84835}.Release|Any CPU.ActiveCfg = Release|Any CPU
		{44E08D6F-F09E-462C-902C-894B40A84835}.Release|Any CPU.Build.0 = Release|Any CPU
	EndGlobalSection
	GlobalSection(SolutionProperties) = preSolution
		HideSolutionNode = FALSE
	EndGlobalSection
	GlobalSection(ExtensibilityGlobals) = postSolution
		SolutionGuid = {BB86058C-F87B-4E0A-B289-D971AA439179}
	EndGlobalSection
EndGlobal
